
Microsoft Visual Studio Solution File, Format Version 12.00
# Visual Studio Version 17
VisualStudioVersion = 17.6.33815.320
MinimumVisualStudioVersion = 10.0.40219.1
Project("{FAE04EC0-301F-11D3-BF4B-00C04F79EFBC}") = "EmployeeMaintainsMvC", "EmployeeMaintainsMvC\EmployeeMaintainsMvC.csproj", "{1D7BBA62-B43D-457A-ADF1-88D2ECD6585A}"
EndProject
Global
	GlobalSection(SolutionConfigurationPlatforms) = preSolution
		Debug|Any CPU = Debug|Any CPU
		Release|Any CPU = Release|Any CPU
	EndGlobalSection
	GlobalSection(ProjectConfigurationPlatforms) = postSolution
		{1D7BBA62-B43D-457A-ADF1-88D2ECD6585A}.Debug|Any CPU.ActiveCfg = Debug|Any CPU
		{1D7BBA62-B43D-457A-ADF1-88D2ECD6585A}.Debug|Any CPU.Build.0 = Debug|Any CPU
		{1D7BBA62-B43D-457A-ADF1-88D2ECD6585A}.Release|Any CPU.ActiveCfg = Release|Any CPU
		{1D7BBA62-B43D-457A-ADF1-88D2ECD6585A}.Release|Any CPU.Build.0 = Release|Any CPU
	EndGlobalSection
	GlobalSection(SolutionProperties) = preSolution
		HideSolutionNode = FALSE
	EndGlobalSection
	GlobalSection(ExtensibilityGlobals) = postSolution
		SolutionGuid = {55DC9880-7BE4-4FD7-810F-4C1AC5DB4167}
	EndGlobalSection
EndGlobal
